// !$*UTF8*$!
{
	archiveVersion = 1;
	classes = {
	};
	objectVersion = 110;
	objects = {

/* Begin PBXBuildFile section */
		9F20209E30712838004DA399 /* WidgetKit.framework in Frameworks */ = {isa = PBXBuildFile; fileRef = 9F20209D30712838004DA399 /* WidgetKit.framework */; };
		9F2020A030712838004DA399 /* SwiftUI.framework in Frameworks */ = {isa = PBXBuildFile; fileRef = 9F20209F30712838004DA399 /* SwiftUI.framework */; };
		9F2020AB3071283A004DA399 /* HealthPathWidgetExtension.appex in Embed Foundation Extensions */ = {isa = PBXBuildFile; fileRef = 9F20209B30712838004DA399 /* HealthPathWidgetExtension.appex */; settings = {ATTRIBUTES = (RemoveHeadersOnCopy, ); }; };
		9F2021D23071662D004DA399 /* HealthPathShareExtension.appex in Embed Foundation Extensions */ = {isa = PBXBuildFile; fileRef = 9F2021C83071662C004DA399 /* HealthPathShareExtension.appex */; settings = {ATTRIBUTES = (RemoveHeadersOnCopy, ); }; };
/* End PBXBuildFile section */

/* Begin PBXContainerItemProxy section */
		9F201BE630678905004DA399 /* PBXContainerItemProxy */ = {
			isa = PBXContainerItemProxy;
			containerPortal = 9F201BCB30678903004DA399 /* Project object */;
			proxyType = 1;
			remoteGlobalIDString = 9F201BD230678903004DA399;
			remoteInfo = HealthPath;
		};
		9F2020A93071283A004DA399 /* PBXContainerItemProxy */ = {
			isa = PBXContainerItemProxy;
			containerPortal = 9F201BCB30678903004DA399 /* Project object */;
			proxyType = 1;
			remoteGlobalIDString = 9F20209A30712838004DA399;
			remoteInfo = HealthPathWidgetExtension;
		};
		9F2021D03071662D004DA399 /* PBXContainerItemProxy */ = {
			isa = PBXContainerItemProxy;
			containerPortal = 9F201BCB30678903004DA399 /* Project object */;
			proxyType = 1;
			remoteGlobalIDString = 9F2021C73071662C004DA399;
			remoteInfo = HealthPathShareExtension;
		};
/* End PBXContainerItemProxy section */

/* Begin PBXCopyFilesBuildPhase section */
		9F2020B03071283A004DA399 /* Embed Foundation Extensions */ = {
			isa = PBXCopyFilesBuildPhase;
			dstPath = "";
			dstSubfolder = PlugIns;
			files = (
				9F2020AB3071283A004DA399 /* HealthPathWidgetExtension.appex in Embed Foundation Extensions */,
				9F2021D23071662D004DA399 /* HealthPathShareExtension.appex in Embed Foundation Extensions */,
			);
			name = "Embed Foundation Extensions";
		};
/* End PBXCopyFilesBuildPhase section */

/* Begin PBXFileReference section */
		9F201BD330678903004DA399 /* HealthPath.app */ = {isa = PBXFileReference; explicitFileType = wrapper.application; includeInIndex = 0; path = HealthPath.app; sourceTree = BUILT_PRODUCTS_DIR; };
		9F201BE530678905004DA399 /* HealthPathTests.xctest */ = {isa = PBXFileReference; explicitFileType = wrapper.cfbundle; includeInIndex = 0; path = HealthPathTests.xctest; sourceTree = BUILT_PRODUCTS_DIR; };
		9F20209B30712838004DA399 /* HealthPathWidgetExtension.appex */ = {isa = PBXFileReference; explicitFileType = "wrapper.app-extension"; includeInIndex = 0; path = HealthPathWidgetExtension.appex; sourceTree = BUILT_PRODUCTS_DIR; };
		9F20209D30712838004DA399 /* WidgetKit.framework */ = {isa = PBXFileReference; lastKnownFileType = wrapper.framework; name = WidgetKit.framework; path = System/Library/Frameworks/WidgetKit.framework; sourceTree = SDKROOT; };
		9F20209F30712838004DA399 /* SwiftUI.framework */ = {isa = PBXFileReference; lastKnownFileType = wrapper.framework; name = SwiftUI.framework; path = System/Library/Frameworks/SwiftUI.framework; sourceTree = SDKROOT; };
		9F2021BF3071435C004DA399 /* HealthPathWidgetExtension.entitlements */ = {isa = PBXFileReference; lastKnownFileType = text.plist.entitlements; path = HealthPathWidgetExtension.entitlements; sourceTree = "<group>"; };
		9F2021C83071662C004DA399 /* HealthPathShareExtension.appex */ = {isa = PBXFileReference; explicitFileType = "wrapper.app-extension"; includeInIndex = 0; path = HealthPathShareExtension.appex; sourceTree = BUILT_PRODUCTS_DIR; };
/* End PBXFileReference section */

/* Begin PBXFileSystemSynchronizedBuildFileExceptionSet section */
		9F2020AC3071283A004DA399 /* Exceptions for "HealthPathWidget" folder in "HealthPathWidgetExtension" target */ = {
			isa = PBXFileSystemSynchronizedBuildFileExceptionSet;
			membershipExceptions = (
				Info.plist,
			);
			target = 9F20209A30712838004DA399 /* HealthPathWidgetExtension */;
		};
		9F2021D33071662D004DA399 /* Exceptions for "HealthPathShareExtension" folder in "HealthPathShareExtension" target */ = {
			isa = PBXFileSystemSynchronizedBuildFileExceptionSet;
			membershipExceptions = (
				Info.plist,
			);
			target = 9F2021C73071662C004DA399 /* HealthPathShareExtension */;
		};
/* End PBXFileSystemSynchronizedBuildFileExceptionSet section */

/* Begin PBXFileSystemSynchronizedRootGroup section */
		9F201BD530678903004DA399 /* HealthPath */ = {
			isa = PBXFileSystemSynchronizedRootGroup;
			path = HealthPath;
			sourceTree = "<group>";
		};
		9F201BE830678905004DA399 /* HealthPathTests */ = {
			isa = PBXFileSystemSynchronizedRootGroup;
			path = HealthPathTests;
			sourceTree = "<group>";
		};
		9F2020A130712838004DA399 /* HealthPathWidget */ = {
			isa = PBXFileSystemSynchronizedRootGroup;
			exceptions = (
				9F2020AC3071283A004DA399 /* Exceptions for "HealthPathWidget" folder in "HealthPathWidgetExtension" target */,
			);
			path = HealthPathWidget;
			sourceTree = "<group>";
		};
		9F2021C93071662C004DA399 /* HealthPathShareExtension */ = {
			isa = PBXFileSystemSynchronizedRootGroup;
			exceptions = (
				9F2021D33071662D004DA399 /* Exceptions for "HealthPathShareExtension" folder in "HealthPathShareExtension" target */,
			);
			path = HealthPathShareExtension;
			sourceTree = "<group>";
		};
/* End PBXFileSystemSynchronizedRootGroup section */

/* Begin PBXFrameworksBuildPhase section */
		9F201BD030678903004DA399 /* Frameworks */ = {
			isa = PBXFrameworksBuildPhase;
			files = (
			);
		};
		9F201BE230678905004DA399 /* Frameworks */ = {
			isa = PBXFrameworksBuildPhase;
			files = (
			);
		};
		9F20209830712838004DA399 /* Frameworks */ = {
			isa = PBXFrameworksBuildPhase;
			files = (
				9F2020A030712838004DA399 /* SwiftUI.framework in Frameworks */,
				9F20209E30712838004DA399 /* WidgetKit.framework in Frameworks */,
			);
		};
		9F2021C53071662C004DA399 /* Frameworks */ = {
			isa = PBXFrameworksBuildPhase;
			files = (
			);
		};
/* End PBXFrameworksBuildPhase section */

/* Begin PBXGroup section */
		9F201BCA30678903004DA399 = {
			isa = PBXGroup;
			children = (
				9F2021BF3071435C004DA399 /* HealthPathWidgetExtension.entitlements */,
				9F201BD530678903004DA399 /* HealthPath */,
				9F201BE830678905004DA399 /* HealthPathTests */,
				9F2020A130712838004DA399 /* HealthPathWidget */,
				9F2021C93071662C004DA399 /* HealthPathShareExtension */,
				9F20209C30712838004DA399 /* Frameworks */,
				9F201BD430678903004DA399 /* Products */,
			);
			sourceTree = "<group>";
		};
		9F201BD430678903004DA399 /* Products */ = {
			isa = PBXGroup;
			children = (
				9F201BD330678903004DA399 /* HealthPath.app */,
				9F201BE530678905004DA399 /* HealthPathTests.xctest */,
				9F20209B30712838004DA399 /* HealthPathWidgetExtension.appex */,
				9F2021C83071662C004DA399 /* HealthPathShareExtension.appex */,
			);
			name = Products;
			sourceTree = "<group>";
		};
		9F20209C30712838004DA399 /* Frameworks */ = {
			isa = PBXGroup;
			children = (
				9F20209D30712838004DA399 /* WidgetKit.framework */,
				9F20209F30712838004DA399 /* SwiftUI.framework */,
			);
			name = Frameworks;
			sourceTree = "<group>";
		};
/* End PBXGroup section */

/* Begin PBXNativeTarget section */
		9F201BD230678903004DA399 /* HealthPath */ = {
			isa = PBXNativeTarget;
			buildConfigurationList = 9F201BF730678905004DA399 /* Build configuration list for PBXNativeTarget "HealthPath" */;
			buildPhases = (
				9F201BCF30678903004DA399 /* Sources */,
				9F201BD030678903004DA399 /* Frameworks */,
				9F201BD130678903004DA399 /* Resources */,
				9F2020B03071283A004DA399 /* Embed Foundation Extensions */,
			);
			buildRules = (
			);
			dependencies = (
				9F2020AA3071283A004DA399 /* PBXTargetDependency */,
				9F2021D13071662D004DA399 /* PBXTargetDependency */,
			);
			fileSystemSynchronizedGroups = (
				9F201BD530678903004DA399 /* HealthPath */,
			);
			name = HealthPath;
			productName = HealthPath;
			productReference = 9F201BD330678903004DA399 /* HealthPath.app */;
			productType = "com.apple.product-type.application";
		};
		9F201BE430678905004DA399 /* HealthPathTests */ = {
			isa = PBXNativeTarget;
			buildConfigurationList = 9F201BFA30678905004DA399 /* Build configuration list for PBXNativeTarget "HealthPathTests" */;
			buildPhases = (
				9F201BE130678905004DA399 /* Sources */,
				9F201BE230678905004DA399 /* Frameworks */,
				9F201BE330678905004DA399 /* Resources */,
			);
			buildRules = (
			);
			dependencies = (
				9F201BE730678905004DA399 /* PBXTargetDependency */,
			);
			fileSystemSynchronizedGroups = (
				9F201BE830678905004DA399 /* HealthPathTests */,
			);
			name = HealthPathTests;
			productName = HealthPathTests;
			productReference = 9F201BE530678905004DA399 /* HealthPathTests.xctest */;
			productType = "com.apple.product-type.bundle.unit-test";
		};
		9F20209A30712838004DA399 /* HealthPathWidgetExtension */ = {
			isa = PBXNativeTarget;
			buildConfigurationList = 9F2020AD3071283A004DA399 /* Build configuration list for PBXNativeTarget "HealthPathWidgetExtension" */;
			buildPhases = (
				9F20209730712838004DA399 /* Sources */,
				9F20209830712838004DA399 /* Frameworks */,
				9F20209930712838004DA399 /* Resources */,
			);
			buildRules = (
			);
			fileSystemSynchronizedGroups = (
				9F2020A130712838004DA399 /* HealthPathWidget */,
			);
			name = HealthPathWidgetExtension;
			productName = HealthPathWidgetExtension;
			productReference = 9F20209B30712838004DA399 /* HealthPathWidgetExtension.appex */;
			productType = "com.apple.product-type.app-extension";
		};
		9F2021C73071662C004DA399 /* HealthPathShareExtension */ = {
			isa = PBXNativeTarget;
			buildConfigurationList = 9F2021D43071662D004DA399 /* Build configuration list for PBXNativeTarget "HealthPathShareExtension" */;
			buildPhases = (
				9F2021C43071662C004DA399 /* Sources */,
				9F2021C53071662C004DA399 /* Frameworks */,
				9F2021C63071662C004DA399 /* Resources */,
			);
			buildRules = (
			);
			fileSystemSynchronizedGroups = (
				9F2021C93071662C004DA399 /* HealthPathShareExtension */,
			);
			name = HealthPathShareExtension;
			productName = HealthPathShareExtension;
			productReference = 9F2021C83071662C004DA399 /* HealthPathShareExtension.appex */;
			productType = "com.apple.product-type.app-extension";
		};
/* End PBXNativeTarget section */

/* Begin PBXProject section */
		9F201BCB30678903004DA399 /* Project object */ = {
			isa = PBXProject;
			attributes = {
				BuildIndependentTargetsInParallel = 1;
				LastSwiftUpdateCheck = 2700;
				LastUpgradeCheck = 2700;
				TargetAttributes = {
					9F201BD230678903004DA399 = {
						CreatedOnToolsVersion = 27.0;
					};
					9F201BE430678905004DA399 = {
						CreatedOnToolsVersion = 27.0;
						TestTargetID = 9F201BD230678903004DA399;
					};
					9F20209A30712838004DA399 = {
						CreatedOnToolsVersion = 27.0;
					};
					9F2021C73071662C004DA399 = {
						CreatedOnToolsVersion = 27.0;
					};
				};
			};
			buildConfigurationList = 9F201BCE30678903004DA399 /* Build configuration list for PBXProject "HealthPath" */;
			developmentRegion = en;
			hasScannedForEncodings = 0;
			knownRegions = (
				en,
				Base,
			);
			mainGroup = 9F201BCA30678903004DA399;
			minimizedProjectReferenceProxies = 1;
			preferredProjectObjectVersion = 77;
			productRefGroup = 9F201BD430678903004DA399 /* Products */;
			projectDirPath = "";
			projectRoot = "";
			targets = (
				9F201BD230678903004DA399 /* HealthPath */,
				9F201BE430678905004DA399 /* HealthPathTests */,
				9F20209A30712838004DA399 /* HealthPathWidgetExtension */,
				9F2021C73071662C004DA399 /* HealthPathShareExtension */,
			);
		};
/* End PBXProject section */

/* Begin PBXResourcesBuildPhase section */
		9F201BD130678903004DA399 /* Resources */ = {
			isa = PBXResourcesBuildPhase;
			files = (
			);
		};
		9F201BE330678905004DA399 /* Resources */ = {
			isa = PBXResourcesBuildPhase;
			files = (
			);
		};
		9F20209930712838004DA399 /* Resources */ = {
			isa = PBXResourcesBuildPhase;
			files = (
			);
		};
		9F2021C63071662C004DA399 /* Resources */ = {
			isa = PBXResourcesBuildPhase;
			files = (
			);
		};
/* End PBXResourcesBuildPhase section */

/* Begin PBXSourcesBuildPhase section */
		9F201BCF30678903004DA399 /* Sources */ = {
			isa = PBXSourcesBuildPhase;
			files = (
			);
		};
		9F201BE130678905004DA399 /* Sources */ = {
			isa = PBXSourcesBuildPhase;
			files = (
			);
		};
		9F20209730712838004DA399 /* Sources */ = {
			isa = PBXSourcesBuildPhase;
			files = (
			);
		};
		9F2021C43071662C004DA399 /* Sources */ = {
			isa = PBXSourcesBuildPhase;
			files = (
			);
		};
/* End PBXSourcesBuildPhase section */

/* Begin PBXTargetDependency section */
		9F201BE730678905004DA399 /* PBXTargetDependency */ = {
			isa = PBXTargetDependency;
			target = 9F201BD230678903004DA399 /* HealthPath */;
			targetProxy = 9F201BE630678905004DA399 /* PBXContainerItemProxy */;
		};
		9F2020AA3071283A004DA399 /* PBXTargetDependency */ = {
			isa = PBXTargetDependency;
			target = 9F20209A30712838004DA399 /* HealthPathWidgetExtension */;
			targetProxy = 9F2020A93071283A004DA399 /* PBXContainerItemProxy */;
		};
		9F2021D13071662D004DA399 /* PBXTargetDependency */ = {
			isa = PBXTargetDependency;
			target = 9F2021C73071662C004DA399 /* HealthPathShareExtension */;
			targetProxy = 9F2021D03071662D004DA399 /* PBXContainerItemProxy */;
		};
/* End PBXTargetDependency section */

/* Begin XCBuildConfiguration section */
		9F201BF530678905004DA399 /* Debug configuration for PBXProject "HealthPath" */ = {
			isa = XCBuildConfiguration;
			buildSettings = {
				ALWAYS_SEARCH_USER_PATHS = NO;
				ASSETCATALOG_COMPILER_GENERATE_SWIFT_ASSET_SYMBOL_EXTENSIONS = YES;
				CLANG_ANALYZER_NONNULL = YES;
				CLANG_ANALYZER_NUMBER_OBJECT_CONVERSION = YES_AGGRESSIVE;
				CLANG_CXX_LANGUAGE_STANDARD = "gnu++20";
				CLANG_ENABLE_MODULES = YES;
				CLANG_ENABLE_OBJC_ARC = YES;
				CLANG_ENABLE_OBJC_WEAK = YES;
				CLANG_WARN_BLOCK_CAPTURE_AUTORELEASING = YES;
				CLANG_WARN_BOOL_CONVERSION = YES;
				CLANG_WARN_COMMA = YES;
				CLANG_WARN_CONSTANT_CONVERSION = YES;
				CLANG_WARN_DEPRECATED_OBJC_IMPLEMENTATIONS = YES;
				CLANG_WARN_DIRECT_OBJC_ISA_USAGE = YES_ERROR;
				CLANG_WARN_DOCUMENTATION_COMMENTS = YES;
				CLANG_WARN_EMPTY_BODY = YES;
				CLANG_WARN_ENUM_CONVERSION = YES;
				CLANG_WARN_INFINITE_RECURSION = YES;
				CLANG_WARN_INT_CONVERSION = YES;
				CLANG_WARN_NON_LITERAL_NULL_CONVERSION = YES;
				CLANG_WARN_OBJC_IMPLICIT_RETAIN_SELF = YES;
				CLANG_WARN_OBJC_LITERAL_CONVERSION = YES;
				CLANG_WARN_OBJC_ROOT_CLASS = YES_ERROR;
				CLANG_WARN_QUOTED_INCLUDE_IN_FRAMEWORK_HEADER = YES;
				CLANG_WARN_RANGE_LOOP_ANALYSIS = YES;
				CLANG_WARN_STRICT_PROTOTYPES = YES;
				CLANG_WARN_SUSPICIOUS_MOVE = YES;
				CLANG_WARN_UNGUARDED_AVAILABILITY = YES_AGGRESSIVE;
				CLANG_WARN_UNREACHABLE_CODE = YES;
				CLANG_WARN__DUPLICATE_METHOD_MATCH = YES;
				CODE_SIGN_ENTITLEMENTS = HealthPath.entitlements;
				COPY_PHASE_STRIP = NO;
				DEBUG_INFORMATION_FORMAT = dwarf;
				ENABLE_STRICT_OBJC_MSGSEND = YES;
				ENABLE_TESTABILITY = YES;
				ENABLE_USER_SCRIPT_SANDBOXING = YES;
				GCC_C_LANGUAGE_STANDARD = gnu17;
				GCC_DYNAMIC_NO_PIC = NO;
				GCC_NO_COMMON_BLOCKS = YES;
				GCC_OPTIMIZATION_LEVEL = 0;
				GCC_PREPROCESSOR_DEFINITIONS = (
					"DEBUG=1",
					"$(inherited)",
				);
				GCC_WARN_64_TO_32_BIT_CONVERSION = YES;
				GCC_WARN_ABOUT_RETURN_TYPE = YES_ERROR;
				GCC_WARN_UNDECLARED_SELECTOR = YES;
				GCC_WARN_UNINITIALIZED_AUTOS = YES_AGGRESSIVE;
				GCC_WARN_UNUSED_FUNCTION = YES;
				GCC_WARN_UNUSED_VARIABLE = YES;
				IPHONEOS_DEPLOYMENT_TARGET = 27.0;
				LOCALIZATION_PREFERS_STRING_CATALOGS = YES;
				MTL_ENABLE_DEBUG_INFO = INCLUDE_SOURCE;
				MTL_FAST_MATH = YES;
				ONLY_ACTIVE_ARCH = YES;
				SDKROOT = iphoneos;
				SWIFT_ACTIVE_COMPILATION_CONDITIONS = "DEBUG $(inherited)";
				SWIFT_OPTIMIZATION_LEVEL = "-Onone";
			};
			name = Debug;
		};
		9F201BF630678905004DA399 /* Release configuration for PBXProject "HealthPath" */ = {
			isa = XCBuildConfiguration;
			buildSettings = {
				ALWAYS_SEARCH_USER_PATHS = NO;
				ASSETCATALOG_COMPILER_GENERATE_SWIFT_ASSET_SYMBOL_EXTENSIONS = YES;
				CLANG_ANALYZER_NONNULL = YES;
				CLANG_ANALYZER_NUMBER_OBJECT_CONVERSION = YES_AGGRESSIVE;
				CLANG_CXX_LANGUAGE_STANDARD = "gnu++20";
				CLANG_ENABLE_MODULES = YES;
				CLANG_ENABLE_OBJC_ARC = YES;
				CLANG_ENABLE_OBJC_WEAK = YES;
				CLANG_WARN_BLOCK_CAPTURE_AUTORELEASING = YES;
				CLANG_WARN_BOOL_CONVERSION = YES;
				CLANG_WARN_COMMA = YES;
				CLANG_WARN_CONSTANT_CONVERSION = YES;
				CLANG_WARN_DEPRECATED_OBJC_IMPLEMENTATIONS = YES;
				CLANG_WARN_DIRECT_OBJC_ISA_USAGE = YES_ERROR;
				CLANG_WARN_DOCUMENTATION_COMMENTS = YES;
				CLANG_WARN_EMPTY_BODY = YES;
				CLANG_WARN_ENUM_CONVERSION = YES;
				CLANG_WARN_INFINITE_RECURSION = YES;
				CLANG_WARN_INT_CONVERSION = YES;
				CLANG_WARN_NON_LITERAL_NULL_CONVERSION = YES;
				CLANG_WARN_OBJC_IMPLICIT_RETAIN_SELF = YES;
				CLANG_WARN_OBJC_LITERAL_CONVERSION = YES;
				CLANG_WARN_OBJC_ROOT_CLASS = YES_ERROR;
				CLANG_WARN_QUOTED_INCLUDE_IN_FRAMEWORK_HEADER = YES;
				CLANG_WARN_RANGE_LOOP_ANALYSIS = YES;
				CLANG_WARN_STRICT_PROTOTYPES = YES;
				CLANG_WARN_SUSPICIOUS_MOVE = YES;
				CLANG_WARN_UNGUARDED_AVAILABILITY = YES_AGGRESSIVE;
				CLANG_WARN_UNREACHABLE_CODE = YES;
				CLANG_WARN__DUPLICATE_METHOD_MATCH = YES;
				CODE_SIGN_ENTITLEMENTS = HealthPath.entitlements;
				COPY_PHASE_STRIP = NO;
				DEBUG_INFORMATION_FORMAT = "dwarf-with-dsym";
				ENABLE_NS_ASSERTIONS = NO;
				ENABLE_STRICT_OBJC_MSGSEND = YES;
				ENABLE_USER_SCRIPT_SANDBOXING = YES;
				GCC_C_LANGUAGE_STANDARD = gnu17;
				GCC_NO_COMMON_BLOCKS = YES;
				GCC_WARN_64_TO_32_BIT_CONVERSION = YES;
				GCC_WARN_ABOUT_RETURN_TYPE = YES_ERROR;
				GCC_WARN_UNDECLARED_SELECTOR = YES;
				GCC_WARN_UNINITIALIZED_AUTOS = YES_AGGRESSIVE;
				GCC_WARN_UNUSED_FUNCTION = YES;
				GCC_WARN_UNUSED_VARIABLE = YES;
				IPHONEOS_DEPLOYMENT_TARGET = 27.0;
				LOCALIZATION_PREFERS_STRING_CATALOGS = YES;
				MTL_ENABLE_DEBUG_INFO = NO;
				MTL_FAST_MATH = YES;
				SDKROOT = iphoneos;
				SWIFT_COMPILATION_MODE = wholemodule;
				VALIDATE_PRODUCT = YES;
			};
			name = Release;
		};
		9F201BF830678905004DA399 /* Debug configuration for PBXNativeTarget "HealthPath" */ = {
			isa = XCBuildConfiguration;
			buildSettings = {
				ASSETCATALOG_COMPILER_APPICON_NAME = AppIcon;
				ASSETCATALOG_COMPILER_GLOBAL_ACCENT_COLOR_NAME = AccentColor;
				CODE_SIGN_ENTITLEMENTS = HealthPath/HealthPath.entitlements;
				CODE_SIGN_STYLE = Automatic;
				CURRENT_PROJECT_VERSION = 1;
				DEVELOPMENT_TEAM = U62X53LH8R;
				ENABLE_PREVIEWS = YES;
				GENERATE_INFOPLIST_FILE = YES;
				INFOPLIST_KEY_UIApplicationSceneManifest_Generation = YES;
				INFOPLIST_KEY_UIApplicationSupportsIndirectInputEvents = YES;
				INFOPLIST_KEY_UILaunchScreen_Generation = YES;
				INFOPLIST_KEY_UISupportedInterfaceOrientations_iPad = "UIInterfaceOrientationPortrait UIInterfaceOrientationPortraitUpsideDown UIInterfaceOrientationLandscapeLeft UIInterfaceOrientationLandscapeRight";
				INFOPLIST_KEY_UISupportedInterfaceOrientations_iPhone = "UIInterfaceOrientationPortrait UIInterfaceOrientationLandscapeLeft UIInterfaceOrientationLandscapeRight";
				LD_RUNPATH_SEARCH_PATHS = (
					"$(inherited)",
					"@executable_path/Frameworks",
				);
				MARKETING_VERSION = 1.0;
				PRODUCT_BUNDLE_IDENTIFIER = com.Assignment3.HealthPath;
				PRODUCT_NAME = "$(TARGET_NAME)";
				REGISTER_APP_GROUPS = YES;
				STRING_CATALOG_GENERATE_SYMBOLS = YES;
				SUPPORTED_PLATFORMS = "iphoneos iphonesimulator";
				SUPPORTS_MACCATALYST = NO;
				SUPPORTS_MAC_DESIGNED_FOR_IPHONE_IPAD = NO;
				SUPPORTS_XR_DESIGNED_FOR_IPHONE_IPAD = NO;
				SWIFT_APPROACHABLE_CONCURRENCY = YES;
				SWIFT_DEFAULT_ACTOR_ISOLATION = MainActor;
				SWIFT_EMIT_LOC_STRINGS = YES;
				SWIFT_UPCOMING_FEATURE_MEMBER_IMPORT_VISIBILITY = YES;
				SWIFT_VERSION = 5.0;
				TARGETED_DEVICE_FAMILY = 1;
			};
			name = Debug;
		};
		9F201BF930678905004DA399 /* Release configuration for PBXNativeTarget "HealthPath" */ = {
			isa = XCBuildConfiguration;
			buildSettings = {
				ASSETCATALOG_COMPILER_APPICON_NAME = AppIcon;
				ASSETCATALOG_COMPILER_GLOBAL_ACCENT_COLOR_NAME = AccentColor;
				CODE_SIGN_ENTITLEMENTS = HealthPath/HealthPath.entitlements;
				CODE_SIGN_STYLE = Automatic;
				CURRENT_PROJECT_VERSION = 1;
				DEVELOPMENT_TEAM = U62X53LH8R;
				ENABLE_PREVIEWS = YES;
				GENERATE_INFOPLIST_FILE = YES;
				INFOPLIST_KEY_UIApplicationSceneManifest_Generation = YES;
				INFOPLIST_KEY_UIApplicationSupportsIndirectInputEvents = YES;
				INFOPLIST_KEY_UILaunchScreen_Generation = YES;
				INFOPLIST_KEY_UISupportedInterfaceOrientations_iPad = "UIInterfaceOrientationPortrait UIInterfaceOrientationPortraitUpsideDown UIInterfaceOrientationLandscapeLeft UIInterfaceOrientationLandscapeRight";
				INFOPLIST_KEY_UISupportedInterfaceOrientations_iPhone = "UIInterfaceOrientationPortrait UIInterfaceOrientationLandscapeLeft UIInterfaceOrientationLandscapeRight";
				LD_RUNPATH_SEARCH_PATHS = (
					"$(inherited)",
					"@executable_path/Frameworks",
				);
				MARKETING_VERSION = 1.0;
				PRODUCT_BUNDLE_IDENTIFIER = com.Assignment3.HealthPath;
				PRODUCT_NAME = "$(TARGET_NAME)";
				REGISTER_APP_GROUPS = YES;
				STRING_CATALOG_GENERATE_SYMBOLS = YES;
				SUPPORTED_PLATFORMS = "iphoneos iphonesimulator";
				SUPPORTS_MACCATALYST = NO;
				SUPPORTS_MAC_DESIGNED_FOR_IPHONE_IPAD = NO;
				SUPPORTS_XR_DESIGNED_FOR_IPHONE_IPAD = NO;
				SWIFT_APPROACHABLE_CONCURRENCY = YES;
				SWIFT_DEFAULT_ACTOR_ISOLATION = MainActor;
				SWIFT_EMIT_LOC_STRINGS = YES;
				SWIFT_UPCOMING_FEATURE_MEMBER_IMPORT_VISIBILITY = YES;
				SWIFT_VERSION = 5.0;
				TARGETED_DEVICE_FAMILY = 1;
			};
			name = Release;
		};
		9F201BFB30678905004DA399 /* Debug configuration for PBXNativeTarget "HealthPathTests" */ = {
			isa = XCBuildConfiguration;
			buildSettings = {
				BUNDLE_LOADER = "$(TEST_HOST)";
				CODE_SIGN_STYLE = Automatic;
				CURRENT_PROJECT_VERSION = 1;
				GENERATE_INFOPLIST_FILE = YES;
				IPHONEOS_DEPLOYMENT_TARGET = 27.0;
				MARKETING_VERSION = 1.0;
				PRODUCT_BUNDLE_IDENTIFIER = com.Assignment3.HealthPathTests;
				PRODUCT_NAME = "$(TARGET_NAME)";
				STRING_CATALOG_GENERATE_SYMBOLS = NO;
				SWIFT_APPROACHABLE_CONCURRENCY = YES;
				SWIFT_EMIT_LOC_STRINGS = NO;
				SWIFT_UPCOMING_FEATURE_MEMBER_IMPORT_VISIBILITY = YES;
				SWIFT_VERSION = 5.0;
				TARGETED_DEVICE_FAMILY = "1,2";
				TEST_HOST = "$(BUILT_PRODUCTS_DIR)/HealthPath.app/$(BUNDLE_EXECUTABLE_FOLDER_PATH)/HealthPath";
			};
			name = Debug;
		};
		9F201BFC30678905004DA399 /* Release configuration for PBXNativeTarget "HealthPathTests" */ = {
			isa = XCBuildConfiguration;
			buildSettings = {
				BUNDLE_LOADER = "$(TEST_HOST)";
				CODE_SIGN_STYLE = Automatic;
				CURRENT_PROJECT_VERSION = 1;
				GENERATE_INFOPLIST_FILE = YES;
				IPHONEOS_DEPLOYMENT_TARGET = 27.0;
				MARKETING_VERSION = 1.0;
				PRODUCT_BUNDLE_IDENTIFIER = com.Assignment3.HealthPathTests;
				PRODUCT_NAME = "$(TARGET_NAME)";
				STRING_CATALOG_GENERATE_SYMBOLS = NO;
				SWIFT_APPROACHABLE_CONCURRENCY = YES;
				SWIFT_EMIT_LOC_STRINGS = NO;
				SWIFT_UPCOMING_FEATURE_MEMBER_IMPORT_VISIBILITY = YES;
				SWIFT_VERSION = 5.0;
				TARGETED_DEVICE_FAMILY = "1,2";
				TEST_HOST = "$(BUILT_PRODUCTS_DIR)/HealthPath.app/$(BUNDLE_EXECUTABLE_FOLDER_PATH)/HealthPath";
			};
			name = Release;
		};
		9F2020AE3071283A004DA399 /* Debug configuration for PBXNativeTarget "HealthPathWidgetExtension" */ = {
			isa = XCBuildConfiguration;
			buildSettings = {
				ASSETCATALOG_COMPILER_GLOBAL_ACCENT_COLOR_NAME = AccentColor;
				ASSETCATALOG_COMPILER_WIDGET_BACKGROUND_COLOR_NAME = WidgetBackground;
				CODE_SIGN_ENTITLEMENTS = HealthPathWidgetExtension.entitlements;
				CODE_SIGN_STYLE = Automatic;
				CURRENT_PROJECT_VERSION = 1;
				DEVELOPMENT_TEAM = U62X53LH8R;
				GENERATE_INFOPLIST_FILE = YES;
				INFOPLIST_FILE = HealthPathWidget/Info.plist;
				INFOPLIST_KEY_CFBundleDisplayName = HealthPathWidget;
				INFOPLIST_KEY_NSHumanReadableCopyright = "";
				LD_RUNPATH_SEARCH_PATHS = (
					"$(inherited)",
					"@executable_path/Frameworks",
					"@executable_path/../../Frameworks",
				);
				MARKETING_VERSION = 1.0;
				PRODUCT_BUNDLE_IDENTIFIER = com.Assignment3.HealthPath.HealthPathWidget;
				PRODUCT_NAME = "$(TARGET_NAME)";
				REGISTER_APP_GROUPS = YES;
				SKIP_INSTALL = YES;
				STRING_CATALOG_GENERATE_SYMBOLS = YES;
				SWIFT_APPROACHABLE_CONCURRENCY = YES;
				SWIFT_EMIT_LOC_STRINGS = YES;
				SWIFT_UPCOMING_FEATURE_MEMBER_IMPORT_VISIBILITY = YES;
				SWIFT_VERSION = 5.0;
				TARGETED_DEVICE_FAMILY = "1,2";
			};
			name = Debug;
		};
		9F2020AF3071283A004DA399 /* Release configuration for PBXNativeTarget "HealthPathWidgetExtension" */ = {
			isa = XCBuildConfiguration;
			buildSettings = {
				ASSETCATALOG_COMPILER_GLOBAL_ACCENT_COLOR_NAME = AccentColor;
				ASSETCATALOG_COMPILER_WIDGET_BACKGROUND_COLOR_NAME = WidgetBackground;
				CODE_SIGN_ENTITLEMENTS = HealthPathWidgetExtension.entitlements;
				CODE_SIGN_STYLE = Automatic;
				CURRENT_PROJECT_VERSION = 1;
				DEVELOPMENT_TEAM = U62X53LH8R;
				GENERATE_INFOPLIST_FILE = YES;
				INFOPLIST_FILE = HealthPathWidget/Info.plist;
				INFOPLIST_KEY_CFBundleDisplayName = HealthPathWidget;
				INFOPLIST_KEY_NSHumanReadableCopyright = "";
				LD_RUNPATH_SEARCH_PATHS = (
					"$(inherited)",
					"@executable_path/Frameworks",
					"@executable_path/../../Frameworks",
				);
				MARKETING_VERSION = 1.0;
				PRODUCT_BUNDLE_IDENTIFIER = com.Assignment3.HealthPath.HealthPathWidget;
				PRODUCT_NAME = "$(TARGET_NAME)";
				REGISTER_APP_GROUPS = YES;
				SKIP_INSTALL = YES;
				STRING_CATALOG_GENERATE_SYMBOLS = YES;
				SWIFT_APPROACHABLE_CONCURRENCY = YES;
				SWIFT_EMIT_LOC_STRINGS = YES;
				SWIFT_UPCOMING_FEATURE_MEMBER_IMPORT_VISIBILITY = YES;
				SWIFT_VERSION = 5.0;
				TARGETED_DEVICE_FAMILY = "1,2";
			};
			name = Release;
		};
		9F2021D53071662D004DA399 /* Debug configuration for PBXNativeTarget "HealthPathShareExtension" */ = {
			isa = XCBuildConfiguration;
			buildSettings = {
				CODE_SIGN_STYLE = Automatic;
				CURRENT_PROJECT_VERSION = 1;
				DEVELOPMENT_TEAM = U62X53LH8R;
				GENERATE_INFOPLIST_FILE = YES;
				INFOPLIST_FILE = HealthPathShareExtension/Info.plist;
				INFOPLIST_KEY_CFBundleDisplayName = HealthPathShareExtension;
				INFOPLIST_KEY_NSHumanReadableCopyright = "";
				LD_RUNPATH_SEARCH_PATHS = (
					"$(inherited)",
					"@executable_path/Frameworks",
					"@executable_path/../../Frameworks",
				);
				MARKETING_VERSION = 1.0;
				PRODUCT_BUNDLE_IDENTIFIER = com.Assignment3.HealthPath.HealthPathShareExtension;
				PRODUCT_NAME = "$(TARGET_NAME)";
				REGISTER_APP_GROUPS = YES;
				SKIP_INSTALL = YES;
				STRING_CATALOG_GENERATE_SYMBOLS = YES;
				SWIFT_APPROACHABLE_CONCURRENCY = YES;
				SWIFT_EMIT_LOC_STRINGS = YES;
				SWIFT_UPCOMING_FEATURE_MEMBER_IMPORT_VISIBILITY = YES;
				SWIFT_VERSION = 5.0;
				TARGETED_DEVICE_FAMILY = "1,2";
			};
			name = Debug;
		};
		9F2021D63071662D004DA399 /* Release configuration for PBXNativeTarget "HealthPathShareExtension" */ = {
			isa = XCBuildConfiguration;
			buildSettings = {
				CODE_SIGN_STYLE = Automatic;
				CURRENT_PROJECT_VERSION = 1;
				DEVELOPMENT_TEAM = U62X53LH8R;
				GENERATE_INFOPLIST_FILE = YES;
				INFOPLIST_FILE = HealthPathShareExtension/Info.plist;
				INFOPLIST_KEY_CFBundleDisplayName = HealthPathShareExtension;
				INFOPLIST_KEY_NSHumanReadableCopyright = "";
				LD_RUNPATH_SEARCH_PATHS = (
					"$(inherited)",
					"@executable_path/Frameworks",
					"@executable_path/../../Frameworks",
				);
				MARKETING_VERSION = 1.0;
				PRODUCT_BUNDLE_IDENTIFIER = com.Assignment3.HealthPath.HealthPathShareExtension;
				PRODUCT_NAME = "$(TARGET_NAME)";
				REGISTER_APP_GROUPS = YES;
				SKIP_INSTALL = YES;
				STRING_CATALOG_GENERATE_SYMBOLS = YES;
				SWIFT_APPROACHABLE_CONCURRENCY = YES;
				SWIFT_EMIT_LOC_STRINGS = YES;
				SWIFT_UPCOMING_FEATURE_MEMBER_IMPORT_VISIBILITY = YES;
				SWIFT_VERSION = 5.0;
				TARGETED_DEVICE_FAMILY = "1,2";
			};
			name = Release;
		};
/* End XCBuildConfiguration section */

/* Begin XCConfigurationList section */
		9F201BCE30678903004DA399 /* Build configuration list for PBXProject "HealthPath" */ = {
			isa = XCConfigurationList;
			buildConfigurations = (
				9F201BF530678905004DA399 /* Debug configuration for PBXProject "HealthPath" */,
				9F201BF630678905004DA399 /* Release configuration for PBXProject "HealthPath" */,
			);
			defaultConfigurationName = Release;
		};
		9F201BF730678905004DA399 /* Build configuration list for PBXNativeTarget "HealthPath" */ = {
			isa = XCConfigurationList;
			buildConfigurations = (
				9F201BF830678905004DA399 /* Debug configuration for PBXNativeTarget "HealthPath" */,
				9F201BF930678905004DA399 /* Release configuration for PBXNativeTarget "HealthPath" */,
			);
			defaultConfigurationName = Release;
		};
		9F201BFA30678905004DA399 /* Build configuration list for PBXNativeTarget "HealthPathTests" */ = {
			isa = XCConfigurationList;
			buildConfigurations = (
				9F201BFB30678905004DA399 /* Debug configuration for PBXNativeTarget "HealthPathTests" */,
				9F201BFC30678905004DA399 /* Release configuration for PBXNativeTarget "HealthPathTests" */,
			);
			defaultConfigurationName = Release;
		};
		9F2020AD3071283A004DA399 /* Build configuration list for PBXNativeTarget "HealthPathWidgetExtension" */ = {
			isa = XCConfigurationList;
			buildConfigurations = (
				9F2020AE3071283A004DA399 /* Debug configuration for PBXNativeTarget "HealthPathWidgetExtension" */,
				9F2020AF3071283A004DA399 /* Release configuration for PBXNativeTarget "HealthPathWidgetExtension" */,
			);
			defaultConfigurationName = Release;
		};
		9F2021D43071662D004DA399 /* Build configuration list for PBXNativeTarget "HealthPathShareExtension" */ = {
			isa = XCConfigurationList;
			buildConfigurations = (
				9F2021D53071662D004DA399 /* Debug configuration for PBXNativeTarget "HealthPathShareExtension" */,
				9F2021D63071662D004DA399 /* Release configuration for PBXNativeTarget "HealthPathShareExtension" */,
			);
			defaultConfigurationName = Release;
		};
/* End XCConfigurationList section */
	};
	rootObject = 9F201BCB30678903004DA399 /* Project object */;
	validationLevel = 1;
}
